# THIS IS AN AUTOGENERATED FILE. DO NOT EDIT THIS FILE DIRECTLY.
# yarn lockfile v1


pyright@^1.1.65:
  version "1.1.65"
  resolved "https://registry.yarnpkg.com/pyright/-/pyright-1.1.65.tgz#60269dc364f09da8186c46c83ac2b35153363ff9"
  integrity sha512-G8tI8Ws5CwXJGJTQ48e0L+56cA31990t9V65EukrefKnLupySPVVpHuUGeCY21LCYqZPg1yY2R8KMbXH1y1uMQ==
